
Microsoft Visual Studio Solution File, Format Version 12.00
# Visual Studio 15
VisualStudioVersion = 15.0.28307.329
MinimumVisualStudioVersion = 10.0.40219.1
Project("{FAE04EC0-301F-11D3-BF4B-00C04F79EFBC}") = "CSharpToSql", "CSharpToSql\CSharpToSql.csproj", "{EAC873E6-08F1-4C1A-89CD-F5244FFEEF33}"
EndProject
Project("{FAE04EC0-301F-11D3-BF4B-00C04F79EFBC}") = "PrsLibrary", "PrsLibrary\PrsLibrary.csproj", "{1D2ECF76-99EB-4C13-B7EC-702F157CE375}"
EndProject
Project("{FAE04EC0-301F-11D3-BF4B-00C04F79EFBC}") = "TestPrsLibrary", "TestPrsLibrary\TestPrsLibrary.csproj", "{AD9EAFF0-814C-41FF-A589-868BFB6FEC57}"
EndProject
Global
	GlobalSection(SolutionConfigurationPlatforms) = preSolution
		Debug|Any CPU = Debug|Any CPU
		Release|Any CPU = Release|Any CPU
	EndGlobalSection
	GlobalSection(ProjectConfigurationPlatforms) = postSolution
		{EAC873E6-08F1-4C1A-89CD-F5244FFEEF33}.Debug|Any CPU.ActiveCfg = Debug|Any CPU
		{EAC873E6-08F1-4C1A-89CD-F5244FFEEF33}.Debug|Any CPU.Build.0 = Debug|Any CPU
		{EAC873E6-08F1-4C1A-89CD-F5244FFEEF33}.Release|Any CPU.ActiveCfg = Release|Any CPU
		{EAC873E6-08F1-4C1A-89CD-F5244FFEEF33}.Release|Any CPU.Build.0 = Release|Any CPU
		{1D2ECF76-99EB-4C13-B7EC-702F157CE375}.Debug|Any CPU.ActiveCfg = Debug|Any CPU
		{1D2ECF76-99EB-4C13-B7EC-702F157CE375}.Debug|Any CPU.Build.0 = Debug|Any CPU
		{1D2ECF76-99EB-4C13-B7EC-702F157CE375}.Release|Any CPU.ActiveCfg = Release|Any CPU
		{1D2ECF76-99EB-4C13-B7EC-702F157CE375}.Release|Any CPU.Build.0 = Release|Any CPU
		{AD9EAFF0-814C-41FF-A589-868BFB6FEC57}.Debug|Any CPU.ActiveCfg = Debug|Any CPU
		{AD9EAFF0-814C-41FF-A589-868BFB6FEC57}.Debug|Any CPU.Build.0 = Debug|Any CPU
		{AD9EAFF0-814C-41FF-A589-868BFB6FEC57}.Release|Any CPU.ActiveCfg = Release|Any CPU
		{AD9EAFF0-814C-41FF-A589-868BFB6FEC57}.Release|Any CPU.Build.0 = Release|Any CPU
	EndGlobalSection
	GlobalSection(SolutionProperties) = preSolution
		HideSolutionNode = FALSE
	EndGlobalSection
	GlobalSection(ExtensibilityGlobals) = postSolution
		SolutionGuid = {B38EDBA9-ADC1-4EC2-AF8B-9DDEC898F723}
	EndGlobalSection
EndGlobal
